// !$*UTF8*$!
{
	archiveVersion = 1;
	classes = {
	};
	objectVersion = 56;
	objects = {

/* Begin PBXBuildFile section */
		3F1059822B29225100BBCB70 /* AppDelegate.swift in Sources */ = {isa = PBXBuildFile; fileRef = 3F1059812B29225100BBCB70 /* AppDelegate.swift */; };
		3F1059842B29225100BBCB70 /* SceneDelegate.swift in Sources */ = {isa = PBXBuildFile; fileRef = 3F1059832B29225100BBCB70 /* SceneDelegate.swift */; };
		3F1059862B29225100BBCB70 /* TravelLocationsViewController.swift in Sources */ = {isa = PBXBuildFile; fileRef = 3F1059852B29225100BBCB70 /* TravelLocationsViewController.swift */; };
		3F1059892B29225100BBCB70 /* Main.storyboard in Resources */ = {isa = PBXBuildFile; fileRef = 3F1059872B29225100BBCB70 /* Main.storyboard */; };
		3F10598C2B29225100BBCB70 /* VirtualTouristByMatson.xcdatamodeld in Sources */ = {isa = PBXBuildFile; fileRef = 3F10598A2B29225100BBCB70 /* VirtualTouristByMatson.xcdatamodeld */; };
		3F10598E2B29225300BBCB70 /* Assets.xcassets in Resources */ = {isa = PBXBuildFile; fileRef = 3F10598D2B29225300BBCB70 /* Assets.xcassets */; };
		3F1059912B29225300BBCB70 /* LaunchScreen.storyboard in Resources */ = {isa = PBXBuildFile; fileRef = 3F10598F2B29225300BBCB70 /* LaunchScreen.storyboard */; };
		3F1061E22B2A3FD400EBED3C /* PhotoAlbumViewController.swift in Sources */ = {isa = PBXBuildFile; fileRef = 3F1061E12B2A3FD400EBED3C /* PhotoAlbumViewController.swift */; };
		3F1061E42B2A4A6E00EBED3C /* ImageDetailViewController.swift in Sources */ = {isa = PBXBuildFile; fileRef = 3F1061E32B2A4A6E00EBED3C /* ImageDetailViewController.swift */; };
		3F1061E62B2A4F7000EBED3C /* VirtualTouristViewCell.swift in Sources */ = {isa = PBXBuildFile; fileRef = 3F1061E52B2A4F7000EBED3C /* VirtualTouristViewCell.swift */; };
		3FBB9E402B2B5D3200EA568F /* FlickrClient.swift in Sources */ = {isa = PBXBuildFile; fileRef = 3FBB9E3F2B2B5D3200EA568F /* FlickrClient.swift */; };
		3FBB9E422B2B70B300EA568F /* PhotoSearchResponse.swift in Sources */ = {isa = PBXBuildFile; fileRef = 3FBB9E412B2B70B300EA568F /* PhotoSearchResponse.swift */; };
		3FBB9E462B2B792D00EA568F /* Photos.swift in Sources */ = {isa = PBXBuildFile; fileRef = 3FBB9E452B2B792D00EA568F /* Photos.swift */; };
		3FBB9E482B2B795500EA568F /* Photo.swift in Sources */ = {isa = PBXBuildFile; fileRef = 3FBB9E472B2B795500EA568F /* Photo.swift */; };
		3FBB9E4A2B32008000EA568F /* DataController.swift in Sources */ = {isa = PBXBuildFile; fileRef = 3FBB9E492B32008000EA568F /* DataController.swift */; };
		3FC6CEB82B349FAA00B07952 /* placeholder.png in Resources */ = {isa = PBXBuildFile; fileRef = 3FC6CEB72B349FAA00B07952 /* placeholder.png */; };
		3FC6CEBA2B34A4CF00B07952 /* ImageModel.swift in Sources */ = {isa = PBXBuildFile; fileRef = 3FC6CEB92B34A4CF00B07952 /* ImageModel.swift */; };
		3FEF20242B56A589008F8887 /* FlickrImage.swift in Sources */ = {isa = PBXBuildFile; fileRef = 3FEF20232B56A589008F8887 /* FlickrImage.swift */; };
/* End PBXBuildFile section */

/* Begin PBXFileReference section */
		3F10597E2B29225100BBCB70 /* VirtualTouristByMatson.app */ = {isa = PBXFileReference; explicitFileType = wrapper.application; includeInIndex = 0; path = VirtualTouristByMatson.app; sourceTree = BUILT_PRODUCTS_DIR; };
		3F1059812B29225100BBCB70 /* AppDelegate.swift */ = {isa = PBXFileReference; lastKnownFileType = sourcecode.swift; path = AppDelegate.swift; sourceTree = "<group>"; };
		3F1059832B29225100BBCB70 /* SceneDelegate.swift */ = {isa = PBXFileReference; lastKnownFileType = sourcecode.swift; path = SceneDelegate.swift; sourceTree = "<group>"; };
		3F1059852B29225100BBCB70 /* TravelLocationsViewController.swift */ = {isa = PBXFileReference; lastKnownFileType = sourcecode.swift; path = TravelLocationsViewController.swift; sourceTree = "<group>"; };
		3F1059882B29225100BBCB70 /* Base */ = {isa = PBXFileReference; lastKnownFileType = file.storyboard; name = Base; path = Base.lproj/Main.storyboard; sourceTree = "<group>"; };
		3F10598B2B29225100BBCB70 /* VirtualTouristByMatson.xcdatamodel */ = {isa = PBXFileReference; lastKnownFileType = wrapper.xcdatamodel; path = VirtualTouristByMatson.xcdatamodel; sourceTree = "<group>"; };
		3F10598D2B29225300BBCB70 /* Assets.xcassets */ = {isa = PBXFileReference; lastKnownFileType = folder.assetcatalog; path = Assets.xcassets; sourceTree = "<group>"; };
		3F1059902B29225300BBCB70 /* Base */ = {isa = PBXFileReference; lastKnownFileType = file.storyboard; name = Base; path = Base.lproj/LaunchScreen.storyboard; sourceTree = "<group>"; };
		3F1059922B29225300BBCB70 /* Info.plist */ = {isa = PBXFileReference; lastKnownFileType = text.plist.xml; path = Info.plist; sourceTree = "<group>"; };
		3F1061E12B2A3FD400EBED3C /* PhotoAlbumViewController.swift */ = {isa = PBXFileReference; lastKnownFileType = sourcecode.swift; path = PhotoAlbumViewController.swift; sourceTree = "<group>"; };
		3F1061E32B2A4A6E00EBED3C /* ImageDetailViewController.swift */ = {isa = PBXFileReference; lastKnownFileType = sourcecode.swift; path = ImageDetailViewController.swift; sourceTree = "<group>"; };
		3F1061E52B2A4F7000EBED3C /* VirtualTouristViewCell.swift */ = {isa = PBXFileReference; lastKnownFileType = sourcecode.swift; path = VirtualTouristViewCell.swift; sourceTree = "<group>"; };
		3FBB9E3F2B2B5D3200EA568F /* FlickrClient.swift */ = {isa = PBXFileReference; lastKnownFileType = sourcecode.swift; path = FlickrClient.swift; sourceTree = "<group>"; };
		3FBB9E412B2B70B300EA568F /* PhotoSearchResponse.swift */ = {isa = PBXFileReference; lastKnownFileType = sourcecode.swift; path = PhotoSearchResponse.swift; sourceTree = "<group>"; };
		3FBB9E452B2B792D00EA568F /* Photos.swift */ = {isa = PBXFileReference; lastKnownFileType = sourcecode.swift; path = Photos.swift; sourceTree = "<group>"; };
		3FBB9E472B2B795500EA568F /* Photo.swift */ = {isa = PBXFileReference; lastKnownFileType = sourcecode.swift; path = Photo.swift; sourceTree = "<group>"; };
		3FBB9E492B32008000EA568F /* DataController.swift */ = {isa = PBXFileReference; lastKnownFileType = sourcecode.swift; path = DataController.swift; sourceTree = "<group>"; };
		3FC6CEB72B349FAA00B07952 /* placeholder.png */ = {isa = PBXFileReference; lastKnownFileType = image.png; path = placeholder.png; sourceTree = "<group>"; };
		3FC6CEB92B34A4CF00B07952 /* ImageModel.swift */ = {isa = PBXFileReference; lastKnownFileType = sourcecode.swift; path = ImageModel.swift; sourceTree = "<group>"; };
		3FEF20232B56A589008F8887 /* FlickrImage.swift */ = {isa = PBXFileReference; lastKnownFileType = sourcecode.swift; path = FlickrImage.swift; sourceTree = "<group>"; };
/* End PBXFileReference section */

/* Begin PBXFrameworksBuildPhase section */
		3F10597B2B29225100BBCB70 /* Frameworks */ = {
			isa = PBXFrameworksBuildPhase;
			buildActionMask = 2147483647;
			files = (
			);
			runOnlyForDeploymentPostprocessing = 0;
		};
/* End PBXFrameworksBuildPhase section */

/* Begin PBXGroup section */
		3F1059752B29225100BBCB70 = {
			isa = PBXGroup;
			children = (
				3F1059802B29225100BBCB70 /* VirtualTouristByMatson */,
				3F10597F2B29225100BBCB70 /* Products */,
			);
			sourceTree = "<group>";
		};
		3F10597F2B29225100BBCB70 /* Products */ = {
			isa = PBXGroup;
			children = (
				3F10597E2B29225100BBCB70 /* VirtualTouristByMatson.app */,
			);
			name = Products;
			sourceTree = "<group>";
		};
		3F1059802B29225100BBCB70 /* VirtualTouristByMatson */ = {
			isa = PBXGroup;
			children = (
				3F1061DF2B2A3F6900EBED3C /* Model */,
				3F1061E02B2A3F7600EBED3C /* Controller */,
				3F1059812B29225100BBCB70 /* AppDelegate.swift */,
				3F1059832B29225100BBCB70 /* SceneDelegate.swift */,
				3F1059872B29225100BBCB70 /* Main.storyboard */,
				3F10598D2B29225300BBCB70 /* Assets.xcassets */,
				3FC6CEB72B349FAA00B07952 /* placeholder.png */,
				3F10598F2B29225300BBCB70 /* LaunchScreen.storyboard */,
				3F1059922B29225300BBCB70 /* Info.plist */,
			);
			path = VirtualTouristByMatson;
			sourceTree = "<group>";
		};
		3F1061DF2B2A3F6900EBED3C /* Model */ = {
			isa = PBXGroup;
			children = (
				3F10598A2B29225100BBCB70 /* VirtualTouristByMatson.xcdatamodeld */,
				3F1061E52B2A4F7000EBED3C /* VirtualTouristViewCell.swift */,
				3FBB9E3F2B2B5D3200EA568F /* FlickrClient.swift */,
				3FBB9E412B2B70B300EA568F /* PhotoSearchResponse.swift */,
				3FBB9E452B2B792D00EA568F /* Photos.swift */,
				3FBB9E472B2B795500EA568F /* Photo.swift */,
				3FBB9E492B32008000EA568F /* DataController.swift */,
				3FC6CEB92B34A4CF00B07952 /* ImageModel.swift */,
				3FEF20232B56A589008F8887 /* FlickrImage.swift */,
			);
			path = Model;
			sourceTree = "<group>";
		};
		3F1061E02B2A3F7600EBED3C /* Controller */ = {
			isa = PBXGroup;
			children = (
				3F1059852B29225100BBCB70 /* TravelLocationsViewController.swift */,
				3F1061E12B2A3FD400EBED3C /* PhotoAlbumViewController.swift */,
				3F1061E32B2A4A6E00EBED3C /* ImageDetailViewController.swift */,
			);
			name = Controller;
			path = Model;
			sourceTree = "<group>";
		};
/* End PBXGroup section */

/* Begin PBXNativeTarget section */
		3F10597D2B29225100BBCB70 /* VirtualTouristByMatson */ = {
			isa = PBXNativeTarget;
			buildConfigurationList = 3F1059952B29225300BBCB70 /* Build configuration list for PBXNativeTarget "VirtualTouristByMatson" */;
			buildPhases = (
				3F10597A2B29225100BBCB70 /* Sources */,
				3F10597B2B29225100BBCB70 /* Frameworks */,
				3F10597C2B29225100BBCB70 /* Resources */,
			);
			buildRules = (
			);
			dependencies = (
			);
			name = VirtualTouristByMatson;
			productName = VirtualTouristByMatson;
			productReference = 3F10597E2B29225100BBCB70 /* VirtualTouristByMatson.app */;
			productType = "com.apple.product-type.application";
		};
/* End PBXNativeTarget section */

/* Begin PBXProject section */
		3F1059762B29225100BBCB70 /* Project object */ = {
			isa = PBXProject;
			attributes = {
				BuildIndependentTargetsInParallel = 1;
				LastSwiftUpdateCheck = 1400;
				LastUpgradeCheck = 1400;
				TargetAttributes = {
					3F10597D2B29225100BBCB70 = {
						CreatedOnToolsVersion = 14.0;
					};
				};
			};
			buildConfigurationList = 3F1059792B29225100BBCB70 /* Build configuration list for PBXProject "VirtualTouristByMatson" */;
			compatibilityVersion = "Xcode 14.0";
			developmentRegion = en;
			hasScannedForEncodings = 0;
			knownRegions = (
				en,
				Base,
			);
			mainGroup = 3F1059752B29225100BBCB70;
			productRefGroup = 3F10597F2B29225100BBCB70 /* Products */;
			projectDirPath = "";
			projectRoot = "";
			targets = (
				3F10597D2B29225100BBCB70 /* VirtualTouristByMatson */,
			);
		};
/* End PBXProject section */

/* Begin PBXResourcesBuildPhase section */
		3F10597C2B29225100BBCB70 /* Resources */ = {
			isa = PBXResourcesBuildPhase;
			buildActionMask = 2147483647;
			files = (
				3F1059912B29225300BBCB70 /* LaunchScreen.storyboard in Resources */,
				3FC6CEB82B349FAA00B07952 /* placeholder.png in Resources */,
				3F10598E2B29225300BBCB70 /* Assets.xcassets in Resources */,
				3F1059892B29225100BBCB70 /* Main.storyboard in Resources */,
			);
			runOnlyForDeploymentPostprocessing = 0;
		};
/* End PBXResourcesBuildPhase section */

/* Begin PBXSourcesBuildPhase section */
		3F10597A2B29225100BBCB70 /* Sources */ = {
			isa = PBXSourcesBuildPhase;
			buildActionMask = 2147483647;
			files = (
				3FEF20242B56A589008F8887 /* FlickrImage.swift in Sources */,
				3F1059862B29225100BBCB70 /* TravelLocationsViewController.swift in Sources */,
				3FBB9E4A2B32008000EA568F /* DataController.swift in Sources */,
				3F1061E42B2A4A6E00EBED3C /* ImageDetailViewController.swift in Sources */,
				3F1061E62B2A4F7000EBED3C /* VirtualTouristViewCell.swift in Sources */,
				3F10598C2B29225100BBCB70 /* VirtualTouristByMatson.xcdatamodeld in Sources */,
				3F1059822B29225100BBCB70 /* AppDelegate.swift in Sources */,
				3F1061E22B2A3FD400EBED3C /* PhotoAlbumViewController.swift in Sources */,
				3F1059842B29225100BBCB70 /* SceneDelegate.swift in Sources */,
				3FBB9E482B2B795500EA568F /* Photo.swift in Sources */,
				3FBB9E402B2B5D3200EA568F /* FlickrClient.swift in Sources */,
				3FBB9E462B2B792D00EA568F /* Photos.swift in Sources */,
				3FC6CEBA2B34A4CF00B07952 /* ImageModel.swift in Sources */,
				3FBB9E422B2B70B300EA568F /* PhotoSearchResponse.swift in Sources */,
			);
			runOnlyForDeploymentPostprocessing = 0;
		};
/* End PBXSourcesBuildPhase section */

/* Begin PBXVariantGroup section */
		3F1059872B29225100BBCB70 /* Main.storyboard */ = {
			isa = PBXVariantGroup;
			children = (
				3F1059882B29225100BBCB70 /* Base */,
			);
			name = Main.storyboard;
			sourceTree = "<group>";
		};
		3F10598F2B29225300BBCB70 /* LaunchScreen.storyboard */ = {
			isa = PBXVariantGroup;
			children = (
				3F1059902B29225300BBCB70 /* Base */,
			);
			name = LaunchScreen.storyboard;
			sourceTree = "<group>";
		};
/* End PBXVariantGroup section */

/* Begin XCBuildConfiguration section */
		3F1059932B29225300BBCB70 /* Debug */ = {
			isa = XCBuildConfiguration;
			buildSettings = {
				ALWAYS_SEARCH_USER_PATHS = NO;
				CLANG_ANALYZER_NONNULL = YES;
				CLANG_ANALYZER_NUMBER_OBJECT_CONVERSION = YES_AGGRESSIVE;
				CLANG_CXX_LANGUAGE_STANDARD = "gnu++20";
				CLANG_ENABLE_MODULES = YES;
				CLANG_ENABLE_OBJC_ARC = YES;
				CLANG_ENABLE_OBJC_WEAK = YES;
				CLANG_WARN_BLOCK_CAPTURE_AUTORELEASING = YES;
				CLANG_WARN_BOOL_CONVERSION = YES;
				CLANG_WARN_COMMA = YES;
				CLANG_WARN_CONSTANT_CONVERSION = YES;
				CLANG_WARN_DEPRECATED_OBJC_IMPLEMENTATIONS = YES;
				CLANG_WARN_DIRECT_OBJC_ISA_USAGE = YES_ERROR;
				CLANG_WARN_DOCUMENTATION_COMMENTS = YES;
				CLANG_WARN_EMPTY_BODY = YES;
				CLANG_WARN_ENUM_CONVERSION = YES;
				CLANG_WARN_INFINITE_RECURSION = YES;
				CLANG_WARN_INT_CONVERSION = YES;
				CLANG_WARN_NON_LITERAL_NULL_CONVERSION = YES;
				CLANG_WARN_OBJC_IMPLICIT_RETAIN_SELF = YES;
				CLANG_WARN_OBJC_LITERAL_CONVERSION = YES;
				CLANG_WARN_OBJC_ROOT_CLASS = YES_ERROR;
				CLANG_WARN_QUOTED_INCLUDE_IN_FRAMEWORK_HEADER = YES;
				CLANG_WARN_RANGE_LOOP_ANALYSIS = YES;
				CLANG_WARN_STRICT_PROTOTYPES = YES;
				CLANG_WARN_SUSPICIOUS_MOVE = YES;
				CLANG_WARN_UNGUARDED_AVAILABILITY = YES_AGGRESSIVE;
				CLANG_WARN_UNREACHABLE_CODE = YES;
				CLANG_WARN__DUPLICATE_METHOD_MATCH = YES;
				COPY_PHASE_STRIP = NO;
				DEBUG_INFORMATION_FORMAT = dwarf;
				ENABLE_STRICT_OBJC_MSGSEND = YES;
				ENABLE_TESTABILITY = YES;
				GCC_C_LANGUAGE_STANDARD = gnu11;
				GCC_DYNAMIC_NO_PIC = NO;
				GCC_NO_COMMON_BLOCKS = YES;
				GCC_OPTIMIZATION_LEVEL = 0;
				GCC_PREPROCESSOR_DEFINITIONS = (
					"DEBUG=1",
					"$(inherited)",
				);
				GCC_WARN_64_TO_32_BIT_CONVERSION = YES;
				GCC_WARN_ABOUT_RETURN_TYPE = YES_ERROR;
				GCC_WARN_UNDECLARED_SELECTOR = YES;
				GCC_WARN_UNINITIALIZED_AUTOS = YES_AGGRESSIVE;
				GCC_WARN_UNUSED_FUNCTION = YES;
				GCC_WARN_UNUSED_VARIABLE = YES;
				IPHONEOS_DEPLOYMENT_TARGET = 16.0;
				MTL_ENABLE_DEBUG_INFO = INCLUDE_SOURCE;
				MTL_FAST_MATH = YES;
				ONLY_ACTIVE_ARCH = YES;
				SDKROOT = iphoneos;
				SWIFT_ACTIVE_COMPILATION_CONDITIONS = DEBUG;
				SWIFT_OPTIMIZATION_LEVEL = "-Onone";
			};
			name = Debug;
		};
		3F1059942B29225300BBCB70 /* Release */ = {
			isa = XCBuildConfiguration;
			buildSettings = {
				ALWAYS_SEARCH_USER_PATHS = NO;
				CLANG_ANALYZER_NONNULL = YES;
				CLANG_ANALYZER_NUMBER_OBJECT_CONVERSION = YES_AGGRESSIVE;
				CLANG_CXX_LANGUAGE_STANDARD = "gnu++20";
				CLANG_ENABLE_MODULES = YES;
				CLANG_ENABLE_OBJC_ARC = YES;
				CLANG_ENABLE_OBJC_WEAK = YES;
				CLANG_WARN_BLOCK_CAPTURE_AUTORELEASING = YES;
				CLANG_WARN_BOOL_CONVERSION = YES;
				CLANG_WARN_COMMA = YES;
				CLANG_WARN_CONSTANT_CONVERSION = YES;
				CLANG_WARN_DEPRECATED_OBJC_IMPLEMENTATIONS = YES;
				CLANG_WARN_DIRECT_OBJC_ISA_USAGE = YES_ERROR;
				CLANG_WARN_DOCUMENTATION_COMMENTS = YES;
				CLANG_WARN_EMPTY_BODY = YES;
				CLANG_WARN_ENUM_CONVERSION = YES;
				CLANG_WARN_INFINITE_RECURSION = YES;
				CLANG_WARN_INT_CONVERSION = YES;
				CLANG_WARN_NON_LITERAL_NULL_CONVERSION = YES;
				CLANG_WARN_OBJC_IMPLICIT_RETAIN_SELF = YES;
				CLANG_WARN_OBJC_LITERAL_CONVERSION = YES;
				CLANG_WARN_OBJC_ROOT_CLASS = YES_ERROR;
				CLANG_WARN_QUOTED_INCLUDE_IN_FRAMEWORK_HEADER = YES;
				CLANG_WARN_RANGE_LOOP_ANALYSIS = YES;
				CLANG_WARN_STRICT_PROTOTYPES = YES;
				CLANG_WARN_SUSPICIOUS_MOVE = YES;
				CLANG_WARN_UNGUARDED_AVAILABILITY = YES_AGGRESSIVE;
				CLANG_WARN_UNREACHABLE_CODE = YES;
				CLANG_WARN__DUPLICATE_METHOD_MATCH = YES;
				COPY_PHASE_STRIP = NO;
				DEBUG_INFORMATION_FORMAT = "dwarf-with-dsym";
				ENABLE_NS_ASSERTIONS = NO;
				ENABLE_STRICT_OBJC_MSGSEND = YES;
				GCC_C_LANGUAGE_STANDARD = gnu11;
				GCC_NO_COMMON_BLOCKS = YES;
				GCC_WARN_64_TO_32_BIT_CONVERSION = YES;
				GCC_WARN_ABOUT_RETURN_TYPE = YES_ERROR;
				GCC_WARN_UNDECLARED_SELECTOR = YES;
				GCC_WARN_UNINITIALIZED_AUTOS = YES_AGGRESSIVE;
				GCC_WARN_UNUSED_FUNCTION = YES;
				GCC_WARN_UNUSED_VARIABLE = YES;
				IPHONEOS_DEPLOYMENT_TARGET = 16.0;
				MTL_ENABLE_DEBUG_INFO = NO;
				MTL_FAST_MATH = YES;
				SDKROOT = iphoneos;
				SWIFT_COMPILATION_MODE = wholemodule;
				SWIFT_OPTIMIZATION_LEVEL = "-O";
				VALIDATE_PRODUCT = YES;
			};
			name = Release;
		};
		3F1059962B29225300BBCB70 /* Debug */ = {
			isa = XCBuildConfiguration;
			buildSettings = {
				ASSETCATALOG_COMPILER_APPICON_NAME = AppIcon;
				ASSETCATALOG_COMPILER_GLOBAL_ACCENT_COLOR_NAME = AccentColor;
				CODE_SIGN_STYLE = Automatic;
				CURRENT_PROJECT_VERSION = 1;
				DEVELOPMENT_TEAM = 49FZ53KNL9;
				GENERATE_INFOPLIST_FILE = YES;
				INFOPLIST_FILE = VirtualTouristByMatson/Info.plist;
				INFOPLIST_KEY_UIApplicationSupportsIndirectInputEvents = YES;
				INFOPLIST_KEY_UILaunchStoryboardName = LaunchScreen;
				INFOPLIST_KEY_UIMainStoryboardFile = Main;
				INFOPLIST_KEY_UISupportedInterfaceOrientations_iPad = "UIInterfaceOrientationPortrait UIInterfaceOrientationPortraitUpsideDown UIInterfaceOrientationLandscapeLeft UIInterfaceOrientationLandscapeRight";
				INFOPLIST_KEY_UISupportedInterfaceOrientations_iPhone = "UIInterfaceOrientationPortrait UIInterfaceOrientationLandscapeLeft UIInterfaceOrientationLandscapeRight";
				LD_RUNPATH_SEARCH_PATHS = (
					"$(inherited)",
					"@executable_path/Frameworks",
				);
				MARKETING_VERSION = 1.0;
				PRODUCT_BUNDLE_IDENTIFIER = com.matson.VirtualTouristByMatson;
				PRODUCT_NAME = "$(TARGET_NAME)";
				SWIFT_EMIT_LOC_STRINGS = YES;
				SWIFT_VERSION = 5.0;
				TARGETED_DEVICE_FAMILY = "1,2";
			};
			name = Debug;
		};
		3F1059972B29225300BBCB70 /* Release */ = {
			isa = XCBuildConfiguration;
			buildSettings = {
				ASSETCATALOG_COMPILER_APPICON_NAME = AppIcon;
				ASSETCATALOG_COMPILER_GLOBAL_ACCENT_COLOR_NAME = AccentColor;
				CODE_SIGN_STYLE = Automatic;
				CURRENT_PROJECT_VERSION = 1;
				DEVELOPMENT_TEAM = 49FZ53KNL9;
				GENERATE_INFOPLIST_FILE = YES;
				INFOPLIST_FILE = VirtualTouristByMatson/Info.plist;
				INFOPLIST_KEY_UIApplicationSupportsIndirectInputEvents = YES;
				INFOPLIST_KEY_UILaunchStoryboardName = LaunchScreen;
				INFOPLIST_KEY_UIMainStoryboardFile = Main;
				INFOPLIST_KEY_UISupportedInterfaceOrientations_iPad = "UIInterfaceOrientationPortrait UIInterfaceOrientationPortraitUpsideDown UIInterfaceOrientationLandscapeLeft UIInterfaceOrientationLandscapeRight";
				INFOPLIST_KEY_UISupportedInterfaceOrientations_iPhone = "UIInterfaceOrientationPortrait UIInterfaceOrientationLandscapeLeft UIInterfaceOrientationLandscapeRight";
				LD_RUNPATH_SEARCH_PATHS = (
					"$(inherited)",
					"@executable_path/Frameworks",
				);
				MARKETING_VERSION = 1.0;
				PRODUCT_BUNDLE_IDENTIFIER = com.matson.VirtualTouristByMatson;
				PRODUCT_NAME = "$(TARGET_NAME)";
				SWIFT_EMIT_LOC_STRINGS = YES;
				SWIFT_VERSION = 5.0;
				TARGETED_DEVICE_FAMILY = "1,2";
			};
			name = Release;
		};
/* End XCBuildConfiguration section */

/* Begin XCConfigurationList section */
		3F1059792B29225100BBCB70 /* Build configuration list for PBXProject "VirtualTouristByMatson" */ = {
			isa = XCConfigurationList;
			buildConfigurations = (
				3F1059932B29225300BBCB70 /* Debug */,
				3F1059942B29225300BBCB70 /* Release */,
			);
			defaultConfigurationIsVisible = 0;
			defaultConfigurationName = Release;
		};
		3F1059952B29225300BBCB70 /* Build configuration list for PBXNativeTarget "VirtualTouristByMatson" */ = {
			isa = XCConfigurationList;
			buildConfigurations = (
				3F1059962B29225300BBCB70 /* Debug */,
				3F1059972B29225300BBCB70 /* Release */,
			);
			defaultConfigurationIsVisible = 0;
			defaultConfigurationName = Release;
		};
/* End XCConfigurationList section */

/* Begin XCVersionGroup section */
		3F10598A2B29225100BBCB70 /* VirtualTouristByMatson.xcdatamodeld */ = {
			isa = XCVersionGroup;
			children = (
				3F10598B2B29225100BBCB70 /* VirtualTouristByMatson.xcdatamodel */,
			);
			currentVersion = 3F10598B2B29225100BBCB70 /* VirtualTouristByMatson.xcdatamodel */;
			path = VirtualTouristByMatson.xcdatamodeld;
			sourceTree = "<group>";
			versionGroupType = wrapper.xcdatamodel;
		};
/* End XCVersionGroup section */
	};
	rootObject = 3F1059762B29225100BBCB70 /* Project object */;
}
